
Microsoft Visual Studio Solution File, Format Version 12.00
# Visual Studio 15
VisualStudioVersion = 15.0.26730.3
MinimumVisualStudioVersion = 10.0.40219.1
Project("{FAE04EC0-301F-11D3-BF4B-00C04F79EFBC}") = "ExemploRazorPages", "ExemploRazorPages\ExemploRazorPages.csproj", "{D762C8FD-33A7-450F-8D58-AEC6FDD66DB4}"
EndProject
Global
	GlobalSection(SolutionConfigurationPlatforms) = preSolution
		Debug|Any CPU = Debug|Any CPU
		Release|Any CPU = Release|Any CPU
	EndGlobalSection
	GlobalSection(ProjectConfigurationPlatforms) = postSolution
		{D762C8FD-33A7-450F-8D58-AEC6FDD66DB4}.Debug|Any CPU.ActiveCfg = Debug|Any CPU
		{D762C8FD-33A7-450F-8D58-AEC6FDD66DB4}.Debug|Any CPU.Build.0 = Debug|Any CPU
		{D762C8FD-33A7-450F-8D58-AEC6FDD66DB4}.Release|Any CPU.ActiveCfg = Release|Any CPU
		{D762C8FD-33A7-450F-8D58-AEC6FDD66DB4}.Release|Any CPU.Build.0 = Release|Any CPU
	EndGlobalSection
	GlobalSection(SolutionProperties) = preSolution
		HideSolutionNode = FALSE
	EndGlobalSection
	GlobalSection(ExtensibilityGlobals) = postSolution
		SolutionGuid = {7C0CB9DD-1210-47C5-AF58-41B18C27AC94}
	EndGlobalSection
EndGlobal
